// !$*UTF8*$!
{
	archiveVersion = 1;
	classes = {
	};
	objectVersion = 56;
	objects = {

/* Begin PBXBuildFile section */
		AA29BFD32C58B56D0073CC32 /* ChatPrototypeApp.swift in Sources */ = {isa = PBXBuildFile; fileRef = AA29BFD22C58B56D0073CC32 /* ChatPrototypeApp.swift */; };
		AA29BFD52C58B56D0073CC32 /* ContentView.swift in Sources */ = {isa = PBXBuildFile; fileRef = AA29BFD42C58B56D0073CC32 /* ContentView.swift */; };
		AA29BFD72C58B56E0073CC32 /* Assets.xcassets in Resources */ = {isa = PBXBuildFile; fileRef = AA29BFD62C58B56E0073CC32 /* Assets.xcassets */; };
		AA29BFDA2C58B56E0073CC32 /* Preview Assets.xcassets in Resources */ = {isa = PBXBuildFile; fileRef = AA29BFD92C58B56E0073CC32 /* Preview Assets.xcassets */; };
		AA29BFE42C58B56E0073CC32 /* ChatPrototypeTests.swift in Sources */ = {isa = PBXBuildFile; fileRef = AA29BFE32C58B56E0073CC32 /* ChatPrototypeTests.swift */; };
		AA29BFEE2C58B56E0073CC32 /* ChatPrototypeUITests.swift in Sources */ = {isa = PBXBuildFile; fileRef = AA29BFED2C58B56E0073CC32 /* ChatPrototypeUITests.swift */; };
		AA29BFF02C58B56E0073CC32 /* ChatPrototypeUITestsLaunchTests.swift in Sources */ = {isa = PBXBuildFile; fileRef = AA29BFEF2C58B56E0073CC32 /* ChatPrototypeUITestsLaunchTests.swift */; };
/* End PBXBuildFile section */

/* Begin PBXContainerItemProxy section */
		AA29BFE02C58B56E0073CC32 /* PBXContainerItemProxy */ = {
			isa = PBXContainerItemProxy;
			containerPortal = AA29BFC72C58B56D0073CC32 /* Project object */;
			proxyType = 1;
			remoteGlobalIDString = AA29BFCE2C58B56D0073CC32;
			remoteInfo = ChatPrototype;
		};
		AA29BFEA2C58B56E0073CC32 /* PBXContainerItemProxy */ = {
			isa = PBXContainerItemProxy;
			containerPortal = AA29BFC72C58B56D0073CC32 /* Project object */;
			proxyType = 1;
			remoteGlobalIDString = AA29BFCE2C58B56D0073CC32;
			remoteInfo = ChatPrototype;
		};
/* End PBXContainerItemProxy section */

/* Begin PBXFileReference section */
		AA29BFCF2C58B56D0073CC32 /* ChatPrototype.app */ = {isa = PBXFileReference; explicitFileType = wrapper.application; includeInIndex = 0; path = ChatPrototype.app; sourceTree = BUILT_PRODUCTS_DIR; };
		AA29BFD22C58B56D0073CC32 /* ChatPrototypeApp.swift */ = {isa = PBXFileReference; lastKnownFileType = sourcecode.swift; path = ChatPrototypeApp.swift; sourceTree = "<group>"; };
		AA29BFD42C58B56D0073CC32 /* ContentView.swift */ = {isa = PBXFileReference; lastKnownFileType = sourcecode.swift; path = ContentView.swift; sourceTree = "<group>"; };
		AA29BFD62C58B56E0073CC32 /* Assets.xcassets */ = {isa = PBXFileReference; lastKnownFileType = folder.assetcatalog; path = Assets.xcassets; sourceTree = "<group>"; };
		AA29BFD92C58B56E0073CC32 /* Preview Assets.xcassets */ = {isa = PBXFileReference; lastKnownFileType = folder.assetcatalog; path = "Preview Assets.xcassets"; sourceTree = "<group>"; };
		AA29BFDF2C58B56E0073CC32 /* ChatPrototypeTests.xctest */ = {isa = PBXFileReference; explicitFileType = wrapper.cfbundle; includeInIndex = 0; path = ChatPrototypeTests.xctest; sourceTree = BUILT_PRODUCTS_DIR; };
		AA29BFE32C58B56E0073CC32 /* ChatPrototypeTests.swift */ = {isa = PBXFileReference; lastKnownFileType = sourcecode.swift; path = ChatPrototypeTests.swift; sourceTree = "<group>"; };
		AA29BFE92C58B56E0073CC32 /* ChatPrototypeUITests.xctest */ = {isa = PBXFileReference; explicitFileType = wrapper.cfbundle; includeInIndex = 0; path = ChatPrototypeUITests.xctest; sourceTree = BUILT_PRODUCTS_DIR; };
		AA29BFED2C58B56E0073CC32 /* ChatPrototypeUITests.swift */ = {isa = PBXFileReference; lastKnownFileType = sourcecode.swift; path = ChatPrototypeUITests.swift; sourceTree = "<group>"; };
		AA29BFEF2C58B56E0073CC32 /* ChatPrototypeUITestsLaunchTests.swift */ = {isa = PBXFileReference; lastKnownFileType = sourcecode.swift; path = ChatPrototypeUITestsLaunchTests.swift; sourceTree = "<group>"; };
/* End PBXFileReference section */

/* Begin PBXFrameworksBuildPhase section */
		AA29BFCC2C58B56D0073CC32 /* Frameworks */ = {
			isa = PBXFrameworksBuildPhase;
			buildActionMask = 2147483647;
			files = (
			);
			runOnlyForDeploymentPostprocessing = 0;
		};
		AA29BFDC2C58B56E0073CC32 /* Frameworks */ = {
			isa = PBXFrameworksBuildPhase;
			buildActionMask = 2147483647;
			files = (
			);
			runOnlyForDeploymentPostprocessing = 0;
		};
		AA29BFE62C58B56E0073CC32 /* Frameworks */ = {
			isa = PBXFrameworksBuildPhase;
			buildActionMask = 2147483647;
			files = (
			);
			runOnlyForDeploymentPostprocessing = 0;
		};
/* End PBXFrameworksBuildPhase section */

/* Begin PBXGroup section */
		AA29BFC62C58B56D0073CC32 = {
			isa = PBXGroup;
			children = (
				AA29BFD12C58B56D0073CC32 /* ChatPrototype */,
				AA29BFE22C58B56E0073CC32 /* ChatPrototypeTests */,
				AA29BFEC2C58B56E0073CC32 /* ChatPrototypeUITests */,
				AA29BFD02C58B56D0073CC32 /* Products */,
			);
			sourceTree = "<group>";
		};
		AA29BFD02C58B56D0073CC32 /* Products */ = {
			isa = PBXGroup;
			children = (
				AA29BFCF2C58B56D0073CC32 /* ChatPrototype.app */,
				AA29BFDF2C58B56E0073CC32 /* ChatPrototypeTests.xctest */,
				AA29BFE92C58B56E0073CC32 /* ChatPrototypeUITests.xctest */,
			);
			name = Products;
			sourceTree = "<group>";
		};
		AA29BFD12C58B56D0073CC32 /* ChatPrototype */ = {
			isa = PBXGroup;
			children = (
				AA29BFD22C58B56D0073CC32 /* ChatPrototypeApp.swift */,
				AA29BFD42C58B56D0073CC32 /* ContentView.swift */,
				AA29BFD62C58B56E0073CC32 /* Assets.xcassets */,
				AA29BFD82C58B56E0073CC32 /* Preview Content */,
			);
			path = ChatPrototype;
			sourceTree = "<group>";
		};
		AA29BFD82C58B56E0073CC32 /* Preview Content */ = {
			isa = PBXGroup;
			children = (
				AA29BFD92C58B56E0073CC32 /* Preview Assets.xcassets */,
			);
			path = "Preview Content";
			sourceTree = "<group>";
		};
		AA29BFE22C58B56E0073CC32 /* ChatPrototypeTests */ = {
			isa = PBXGroup;
			children = (
				AA29BFE32C58B56E0073CC32 /* ChatPrototypeTests.swift */,
			);
			path = ChatPrototypeTests;
			sourceTree = "<group>";
		};
		AA29BFEC2C58B56E0073CC32 /* ChatPrototypeUITests */ = {
			isa = PBXGroup;
			children = (
				AA29BFED2C58B56E0073CC32 /* ChatPrototypeUITests.swift */,
				AA29BFEF2C58B56E0073CC32 /* ChatPrototypeUITestsLaunchTests.swift */,
			);
			path = ChatPrototypeUITests;
			sourceTree = "<group>";
		};
/* End PBXGroup section */

/* Begin PBXNativeTarget section */
		AA29BFCE2C58B56D0073CC32 /* ChatPrototype */ = {
			isa = PBXNativeTarget;
			buildConfigurationList = AA29BFF32C58B56E0073CC32 /* Build configuration list for PBXNativeTarget "ChatPrototype" */;
			buildPhases = (
				AA29BFCB2C58B56D0073CC32 /* Sources */,
				AA29BFCC2C58B56D0073CC32 /* Frameworks */,
				AA29BFCD2C58B56D0073CC32 /* Resources */,
			);
			buildRules = (
			);
			dependencies = (
			);
			name = ChatPrototype;
			productName = ChatPrototype;
			productReference = AA29BFCF2C58B56D0073CC32 /* ChatPrototype.app */;
			productType = "com.apple.product-type.application";
		};
		AA29BFDE2C58B56E0073CC32 /* ChatPrototypeTests */ = {
			isa = PBXNativeTarget;
			buildConfigurationList = AA29BFF62C58B56E0073CC32 /* Build configuration list for PBXNativeTarget "ChatPrototypeTests" */;
			buildPhases = (
				AA29BFDB2C58B56E0073CC32 /* Sources */,
				AA29BFDC2C58B56E0073CC32 /* Frameworks */,
				AA29BFDD2C58B56E0073CC32 /* Resources */,
			);
			buildRules = (
			);
			dependencies = (
				AA29BFE12C58B56E0073CC32 /* PBXTargetDependency */,
			);
			name = ChatPrototypeTests;
			productName = ChatPrototypeTests;
			productReference = AA29BFDF2C58B56E0073CC32 /* ChatPrototypeTests.xctest */;
			productType = "com.apple.product-type.bundle.unit-test";
		};
		AA29BFE82C58B56E0073CC32 /* ChatPrototypeUITests */ = {
			isa = PBXNativeTarget;
			buildConfigurationList = AA29BFF92C58B56E0073CC32 /* Build configuration list for PBXNativeTarget "ChatPrototypeUITests" */;
			buildPhases = (
				AA29BFE52C58B56E0073CC32 /* Sources */,
				AA29BFE62C58B56E0073CC32 /* Frameworks */,
				AA29BFE72C58B56E0073CC32 /* Resources */,
			);
			buildRules = (
			);
			dependencies = (
				AA29BFEB2C58B56E0073CC32 /* PBXTargetDependency */,
			);
			name = ChatPrototypeUITests;
			productName = ChatPrototypeUITests;
			productReference = AA29BFE92C58B56E0073CC32 /* ChatPrototypeUITests.xctest */;
			productType = "com.apple.product-type.bundle.ui-testing";
		};
/* End PBXNativeTarget section */

/* Begin PBXProject section */
		AA29BFC72C58B56D0073CC32 /* Project object */ = {
			isa = PBXProject;
			attributes = {
				BuildIndependentTargetsInParallel = 1;
				LastSwiftUpdateCheck = 1540;
				LastUpgradeCheck = 1540;
				TargetAttributes = {
					AA29BFCE2C58B56D0073CC32 = {
						CreatedOnToolsVersion = 15.4;
					};
					AA29BFDE2C58B56E0073CC32 = {
						CreatedOnToolsVersion = 15.4;
						TestTargetID = AA29BFCE2C58B56D0073CC32;
					};
					AA29BFE82C58B56E0073CC32 = {
						CreatedOnToolsVersion = 15.4;
						TestTargetID = AA29BFCE2C58B56D0073CC32;
					};
				};
			};
			buildConfigurationList = AA29BFCA2C58B56D0073CC32 /* Build configuration list for PBXProject "ChatPrototype" */;
			compatibilityVersion = "Xcode 14.0";
			developmentRegion = en;
			hasScannedForEncodings = 0;
			knownRegions = (
				en,
				Base,
			);
			mainGroup = AA29BFC62C58B56D0073CC32;
			productRefGroup = AA29BFD02C58B56D0073CC32 /* Products */;
			projectDirPath = "";
			projectRoot = "";
			targets = (
				AA29BFCE2C58B56D0073CC32 /* ChatPrototype */,
				AA29BFDE2C58B56E0073CC32 /* ChatPrototypeTests */,
				AA29BFE82C58B56E0073CC32 /* ChatPrototypeUITests */,
			);
		};
/* End PBXProject section */

/* Begin PBXResourcesBuildPhase section */
		AA29BFCD2C58B56D0073CC32 /* Resources */ = {
			isa = PBXResourcesBuildPhase;
			buildActionMask = 2147483647;
			files = (
				AA29BFDA2C58B56E0073CC32 /* Preview Assets.xcassets in Resources */,
				AA29BFD72C58B56E0073CC32 /* Assets.xcassets in Resources */,
			);
			runOnlyForDeploymentPostprocessing = 0;
		};
		AA29BFDD2C58B56E0073CC32 /* Resources */ = {
			isa = PBXResourcesBuildPhase;
			buildActionMask = 2147483647;
			files = (
			);
			runOnlyForDeploymentPostprocessing = 0;
		};
		AA29BFE72C58B56E0073CC32 /* Resources */ = {
			isa = PBXResourcesBuildPhase;
			buildActionMask = 2147483647;
			files = (
			);
			runOnlyForDeploymentPostprocessing = 0;
		};
/* End PBXResourcesBuildPhase section */

/* Begin PBXSourcesBuildPhase section */
		AA29BFCB2C58B56D0073CC32 /* Sources */ = {
			isa = PBXSourcesBuildPhase;
			buildActionMask = 2147483647;
			files = (
				AA29BFD52C58B56D0073CC32 /* ContentView.swift in Sources */,
				AA29BFD32C58B56D0073CC32 /* ChatPrototypeApp.swift in Sources */,
			);
			runOnlyForDeploymentPostprocessing = 0;
		};
		AA29BFDB2C58B56E0073CC32 /* Sources */ = {
			isa = PBXSourcesBuildPhase;
			buildActionMask = 2147483647;
			files = (
				AA29BFE42C58B56E0073CC32 /* ChatPrototypeTests.swift in Sources */,
			);
			runOnlyForDeploymentPostprocessing = 0;
		};
		AA29BFE52C58B56E0073CC32 /* Sources */ = {
			isa = PBXSourcesBuildPhase;
			buildActionMask = 2147483647;
			files = (
				AA29BFEE2C58B56E0073CC32 /* ChatPrototypeUITests.swift in Sources */,
				AA29BFF02C58B56E0073CC32 /* ChatPrototypeUITestsLaunchTests.swift in Sources */,
			);
			runOnlyForDeploymentPostprocessing = 0;
		};
/* End PBXSourcesBuildPhase section */

/* Begin PBXTargetDependency section */
		AA29BFE12C58B56E0073CC32 /* PBXTargetDependency */ = {
			isa = PBXTargetDependency;
			target = AA29BFCE2C58B56D0073CC32 /* ChatPrototype */;
			targetProxy = AA29BFE02C58B56E0073CC32 /* PBXContainerItemProxy */;
		};
		AA29BFEB2C58B56E0073CC32 /* PBXTargetDependency */ = {
			isa = PBXTargetDependency;
			target = AA29BFCE2C58B56D0073CC32 /* ChatPrototype */;
			targetProxy = AA29BFEA2C58B56E0073CC32 /* PBXContainerItemProxy */;
		};
/* End PBXTargetDependency section */

/* Begin XCBuildConfiguration section */
		AA29BFF12C58B56E0073CC32 /* Debug */ = {
			isa = XCBuildConfiguration;
			buildSettings = {
				ALWAYS_SEARCH_USER_PATHS = NO;
				ASSETCATALOG_COMPILER_GENERATE_SWIFT_ASSET_SYMBOL_EXTENSIONS = YES;
				CLANG_ANALYZER_NONNULL = YES;
				CLANG_ANALYZER_NUMBER_OBJECT_CONVERSION = YES_AGGRESSIVE;
				CLANG_CXX_LANGUAGE_STANDARD = "gnu++20";
				CLANG_ENABLE_MODULES = YES;
				CLANG_ENABLE_OBJC_ARC = YES;
				CLANG_ENABLE_OBJC_WEAK = YES;
				CLANG_WARN_BLOCK_CAPTURE_AUTORELEASING = YES;
				CLANG_WARN_BOOL_CONVERSION = YES;
				CLANG_WARN_COMMA = YES;
				CLANG_WARN_CONSTANT_CONVERSION = YES;
				CLANG_WARN_DEPRECATED_OBJC_IMPLEMENTATIONS = YES;
				CLANG_WARN_DIRECT_OBJC_ISA_USAGE = YES_ERROR;
				CLANG_WARN_DOCUMENTATION_COMMENTS = YES;
				CLANG_WARN_EMPTY_BODY = YES;
				CLANG_WARN_ENUM_CONVERSION = YES;
				CLANG_WARN_INFINITE_RECURSION = YES;
				CLANG_WARN_INT_CONVERSION = YES;
				CLANG_WARN_NON_LITERAL_NULL_CONVERSION = YES;
				CLANG_WARN_OBJC_IMPLICIT_RETAIN_SELF = YES;
				CLANG_WARN_OBJC_LITERAL_CONVERSION = YES;
				CLANG_WARN_OBJC_ROOT_CLASS = YES_ERROR;
				CLANG_WARN_QUOTED_INCLUDE_IN_FRAMEWORK_HEADER = YES;
				CLANG_WARN_RANGE_LOOP_ANALYSIS = YES;
				CLANG_WARN_STRICT_PROTOTYPES = YES;
				CLANG_WARN_SUSPICIOUS_MOVE = YES;
				CLANG_WARN_UNGUARDED_AVAILABILITY = YES_AGGRESSIVE;
				CLANG_WARN_UNREACHABLE_CODE = YES;
				CLANG_WARN__DUPLICATE_METHOD_MATCH = YES;
				COPY_PHASE_STRIP = NO;
				DEBUG_INFORMATION_FORMAT = dwarf;
				ENABLE_STRICT_OBJC_MSGSEND = YES;
				ENABLE_TESTABILITY = YES;
				ENABLE_USER_SCRIPT_SANDBOXING = YES;
				GCC_C_LANGUAGE_STANDARD = gnu17;
				GCC_DYNAMIC_NO_PIC = NO;
				GCC_NO_COMMON_BLOCKS = YES;
				GCC_OPTIMIZATION_LEVEL = 0;
				GCC_PREPROCESSOR_DEFINITIONS = (
					"DEBUG=1",
					"$(inherited)",
				);
				GCC_WARN_64_TO_32_BIT_CONVERSION = YES;
				GCC_WARN_ABOUT_RETURN_TYPE = YES_ERROR;
				GCC_WARN_UNDECLARED_SELECTOR = YES;
				GCC_WARN_UNINITIALIZED_AUTOS = YES_AGGRESSIVE;
				GCC_WARN_UNUSED_FUNCTION = YES;
				GCC_WARN_UNUSED_VARIABLE = YES;
				IPHONEOS_DEPLOYMENT_TARGET = 17.5;
				LOCALIZATION_PREFERS_STRING_CATALOGS = YES;
				MTL_ENABLE_DEBUG_INFO = INCLUDE_SOURCE;
				MTL_FAST_MATH = YES;
				ONLY_ACTIVE_ARCH = YES;
				SDKROOT = iphoneos;
				SWIFT_ACTIVE_COMPILATION_CONDITIONS = "DEBUG $(inherited)";
				SWIFT_OPTIMIZATION_LEVEL = "-Onone";
			};
			name = Debug;
		};
		AA29BFF22C58B56E0073CC32 /* Release */ = {
			isa = XCBuildConfiguration;
			buildSettings = {
				ALWAYS_SEARCH_USER_PATHS = NO;
				ASSETCATALOG_COMPILER_GENERATE_SWIFT_ASSET_SYMBOL_EXTENSIONS = YES;
				CLANG_ANALYZER_NONNULL = YES;
				CLANG_ANALYZER_NUMBER_OBJECT_CONVERSION = YES_AGGRESSIVE;
				CLANG_CXX_LANGUAGE_STANDARD = "gnu++20";
				CLANG_ENABLE_MODULES = YES;
				CLANG_ENABLE_OBJC_ARC = YES;
				CLANG_ENABLE_OBJC_WEAK = YES;
				CLANG_WARN_BLOCK_CAPTURE_AUTORELEASING = YES;
				CLANG_WARN_BOOL_CONVERSION = YES;
				CLANG_WARN_COMMA = YES;
				CLANG_WARN_CONSTANT_CONVERSION = YES;
				CLANG_WARN_DEPRECATED_OBJC_IMPLEMENTATIONS = YES;
				CLANG_WARN_DIRECT_OBJC_ISA_USAGE = YES_ERROR;
				CLANG_WARN_DOCUMENTATION_COMMENTS = YES;
				CLANG_WARN_EMPTY_BODY = YES;
				CLANG_WARN_ENUM_CONVERSION = YES;
				CLANG_WARN_INFINITE_RECURSION = YES;
				CLANG_WARN_INT_CONVERSION = YES;
				CLANG_WARN_NON_LITERAL_NULL_CONVERSION = YES;
				CLANG_WARN_OBJC_IMPLICIT_RETAIN_SELF = YES;
				CLANG_WARN_OBJC_LITERAL_CONVERSION = YES;
				CLANG_WARN_OBJC_ROOT_CLASS = YES_ERROR;
				CLANG_WARN_QUOTED_INCLUDE_IN_FRAMEWORK_HEADER = YES;
				CLANG_WARN_RANGE_LOOP_ANALYSIS = YES;
				CLANG_WARN_STRICT_PROTOTYPES = YES;
				CLANG_WARN_SUSPICIOUS_MOVE = YES;
				CLANG_WARN_UNGUARDED_AVAILABILITY = YES_AGGRESSIVE;
				CLANG_WARN_UNREACHABLE_CODE = YES;
				CLANG_WARN__DUPLICATE_METHOD_MATCH = YES;
				COPY_PHASE_STRIP = NO;
				DEBUG_INFORMATION_FORMAT = "dwarf-with-dsym";
				ENABLE_NS_ASSERTIONS = NO;
				ENABLE_STRICT_OBJC_MSGSEND = YES;
				ENABLE_USER_SCRIPT_SANDBOXING = YES;
				GCC_C_LANGUAGE_STANDARD = gnu17;
				GCC_NO_COMMON_BLOCKS = YES;
				GCC_WARN_64_TO_32_BIT_CONVERSION = YES;
				GCC_WARN_ABOUT_RETURN_TYPE = YES_ERROR;
				GCC_WARN_UNDECLARED_SELECTOR = YES;
				GCC_WARN_UNINITIALIZED_AUTOS = YES_AGGRESSIVE;
				GCC_WARN_UNUSED_FUNCTION = YES;
				GCC_WARN_UNUSED_VARIABLE = YES;
				IPHONEOS_DEPLOYMENT_TARGET = 17.5;
				LOCALIZATION_PREFERS_STRING_CATALOGS = YES;
				MTL_ENABLE_DEBUG_INFO = NO;
				MTL_FAST_MATH = YES;
				SDKROOT = iphoneos;
				SWIFT_COMPILATION_MODE = wholemodule;
				VALIDATE_PRODUCT = YES;
			};
			name = Release;
		};
		AA29BFF42C58B56E0073CC32 /* Debug */ = {
			isa = XCBuildConfiguration;
			buildSettings = {
				ASSETCATALOG_COMPILER_APPICON_NAME = AppIcon;
				ASSETCATALOG_COMPILER_GLOBAL_ACCENT_COLOR_NAME = AccentColor;
				CODE_SIGN_STYLE = Automatic;
				CURRENT_PROJECT_VERSION = 1;
				DEVELOPMENT_ASSET_PATHS = "\"ChatPrototype/Preview Content\"";
				ENABLE_PREVIEWS = YES;
				GENERATE_INFOPLIST_FILE = YES;
				INFOPLIST_KEY_UIApplicationSceneManifest_Generation = YES;
				INFOPLIST_KEY_UIApplicationSupportsIndirectInputEvents = YES;
				INFOPLIST_KEY_UILaunchScreen_Generation = YES;
				INFOPLIST_KEY_UISupportedInterfaceOrientations_iPad = "UIInterfaceOrientationPortrait UIInterfaceOrientationPortraitUpsideDown UIInterfaceOrientationLandscapeLeft UIInterfaceOrientationLandscapeRight";
				INFOPLIST_KEY_UISupportedInterfaceOrientations_iPhone = "UIInterfaceOrientationPortrait UIInterfaceOrientationLandscapeLeft UIInterfaceOrientationLandscapeRight";
				LD_RUNPATH_SEARCH_PATHS = (
					"$(inherited)",
					"@executable_path/Frameworks",
				);
				MARKETING_VERSION = 1.0;
				PRODUCT_BUNDLE_IDENTIFIER = name.yuma.ChatPrototype;
				PRODUCT_NAME = "$(TARGET_NAME)";
				SWIFT_EMIT_LOC_STRINGS = YES;
				SWIFT_VERSION = 5.0;
				TARGETED_DEVICE_FAMILY = "1,2";
			};
			name = Debug;
		};
		AA29BFF52C58B56E0073CC32 /* Release */ = {
			isa = XCBuildConfiguration;
			buildSettings = {
				ASSETCATALOG_COMPILER_APPICON_NAME = AppIcon;
				ASSETCATALOG_COMPILER_GLOBAL_ACCENT_COLOR_NAME = AccentColor;
				CODE_SIGN_STYLE = Automatic;
				CURRENT_PROJECT_VERSION = 1;
				DEVELOPMENT_ASSET_PATHS = "\"ChatPrototype/Preview Content\"";
				ENABLE_PREVIEWS = YES;
				GENERATE_INFOPLIST_FILE = YES;
				INFOPLIST_KEY_UIApplicationSceneManifest_Generation = YES;
				INFOPLIST_KEY_UIApplicationSupportsIndirectInputEvents = YES;
				INFOPLIST_KEY_UILaunchScreen_Generation = YES;
				INFOPLIST_KEY_UISupportedInterfaceOrientations_iPad = "UIInterfaceOrientationPortrait UIInterfaceOrientationPortraitUpsideDown UIInterfaceOrientationLandscapeLeft UIInterfaceOrientationLandscapeRight";
				INFOPLIST_KEY_UISupportedInterfaceOrientations_iPhone = "UIInterfaceOrientationPortrait UIInterfaceOrientationLandscapeLeft UIInterfaceOrientationLandscapeRight";
				LD_RUNPATH_SEARCH_PATHS = (
					"$(inherited)",
					"@executable_path/Frameworks",
				);
				MARKETING_VERSION = 1.0;
				PRODUCT_BUNDLE_IDENTIFIER = name.yuma.ChatPrototype;
				PRODUCT_NAME = "$(TARGET_NAME)";
				SWIFT_EMIT_LOC_STRINGS = YES;
				SWIFT_VERSION = 5.0;
				TARGETED_DEVICE_FAMILY = "1,2";
			};
			name = Release;
		};
		AA29BFF72C58B56E0073CC32 /* Debug */ = {
			isa = XCBuildConfiguration;
			buildSettings = {
				ALWAYS_EMBED_SWIFT_STANDARD_LIBRARIES = YES;
				BUNDLE_LOADER = "$(TEST_HOST)";
				CODE_SIGN_STYLE = Automatic;
				CURRENT_PROJECT_VERSION = 1;
				GENERATE_INFOPLIST_FILE = YES;
				IPHONEOS_DEPLOYMENT_TARGET = 17.5;
				MARKETING_VERSION = 1.0;
				PRODUCT_BUNDLE_IDENTIFIER = name.yuma.ChatPrototypeTests;
				PRODUCT_NAME = "$(TARGET_NAME)";
				SWIFT_EMIT_LOC_STRINGS = NO;
				SWIFT_VERSION = 5.0;
				TARGETED_DEVICE_FAMILY = "1,2";
				TEST_HOST = "$(BUILT_PRODUCTS_DIR)/ChatPrototype.app/$(BUNDLE_EXECUTABLE_FOLDER_PATH)/ChatPrototype";
			};
			name = Debug;
		};
		AA29BFF82C58B56E0073CC32 /* Release */ = {
			isa = XCBuildConfiguration;
			buildSettings = {
				ALWAYS_EMBED_SWIFT_STANDARD_LIBRARIES = YES;
				BUNDLE_LOADER = "$(TEST_HOST)";
				CODE_SIGN_STYLE = Automatic;
				CURRENT_PROJECT_VERSION = 1;
				GENERATE_INFOPLIST_FILE = YES;
				IPHONEOS_DEPLOYMENT_TARGET = 17.5;
				MARKETING_VERSION = 1.0;
				PRODUCT_BUNDLE_IDENTIFIER = name.yuma.ChatPrototypeTests;
				PRODUCT_NAME = "$(TARGET_NAME)";
				SWIFT_EMIT_LOC_STRINGS = NO;
				SWIFT_VERSION = 5.0;
				TARGETED_DEVICE_FAMILY = "1,2";
				TEST_HOST = "$(BUILT_PRODUCTS_DIR)/ChatPrototype.app/$(BUNDLE_EXECUTABLE_FOLDER_PATH)/ChatPrototype";
			};
			name = Release;
		};
		AA29BFFA2C58B56E0073CC32 /* Debug */ = {
			isa = XCBuildConfiguration;
			buildSettings = {
				ALWAYS_EMBED_SWIFT_STANDARD_LIBRARIES = YES;
				CODE_SIGN_STYLE = Automatic;
				CURRENT_PROJECT_VERSION = 1;
				GENERATE_INFOPLIST_FILE = YES;
				MARKETING_VERSION = 1.0;
				PRODUCT_BUNDLE_IDENTIFIER = name.yuma.ChatPrototypeUITests;
				PRODUCT_NAME = "$(TARGET_NAME)";
				SWIFT_EMIT_LOC_STRINGS = NO;
				SWIFT_VERSION = 5.0;
				TARGETED_DEVICE_FAMILY = "1,2";
				TEST_TARGET_NAME = ChatPrototype;
			};
			name = Debug;
		};
		AA29BFFB2C58B56E0073CC32 /* Release */ = {
			isa = XCBuildConfiguration;
			buildSettings = {
				ALWAYS_EMBED_SWIFT_STANDARD_LIBRARIES = YES;
				CODE_SIGN_STYLE = Automatic;
				CURRENT_PROJECT_VERSION = 1;
				GENERATE_INFOPLIST_FILE = YES;
				MARKETING_VERSION = 1.0;
				PRODUCT_BUNDLE_IDENTIFIER = name.yuma.ChatPrototypeUITests;
				PRODUCT_NAME = "$(TARGET_NAME)";
				SWIFT_EMIT_LOC_STRINGS = NO;
				SWIFT_VERSION = 5.0;
				TARGETED_DEVICE_FAMILY = "1,2";
				TEST_TARGET_NAME = ChatPrototype;
			};
			name = Release;
		};
/* End XCBuildConfiguration section */

/* Begin XCConfigurationList section */
		AA29BFCA2C58B56D0073CC32 /* Build configuration list for PBXProject "ChatPrototype" */ = {
			isa = XCConfigurationList;
			buildConfigurations = (
				AA29BFF12C58B56E0073CC32 /* Debug */,
				AA29BFF22C58B56E0073CC32 /* Release */,
			);
			defaultConfigurationIsVisible = 0;
			defaultConfigurationName = Release;
		};
		AA29BFF32C58B56E0073CC32 /* Build configuration list for PBXNativeTarget "ChatPrototype" */ = {
			isa = XCConfigurationList;
			buildConfigurations = (
				AA29BFF42C58B56E0073CC32 /* Debug */,
				AA29BFF52C58B56E0073CC32 /* Release */,
			);
			defaultConfigurationIsVisible = 0;
			defaultConfigurationName = Release;
		};
		AA29BFF62C58B56E0073CC32 /* Build configuration list for PBXNativeTarget "ChatPrototypeTests" */ = {
			isa = XCConfigurationList;
			buildConfigurations = (
				AA29BFF72C58B56E0073CC32 /* Debug */,
				AA29BFF82C58B56E0073CC32 /* Release */,
			);
			defaultConfigurationIsVisible = 0;
			defaultConfigurationName = Release;
		};
		AA29BFF92C58B56E0073CC32 /* Build configuration list for PBXNativeTarget "ChatPrototypeUITests" */ = {
			isa = XCConfigurationList;
			buildConfigurations = (
				AA29BFFA2C58B56E0073CC32 /* Debug */,
				AA29BFFB2C58B56E0073CC32 /* Release */,
			);
			defaultConfigurationIsVisible = 0;
			defaultConfigurationName = Release;
		};
/* End XCConfigurationList section */
	};
	rootObject = AA29BFC72C58B56D0073CC32 /* Project object */;
}
